// !$*UTF8*$!
{
	archiveVersion = 1;
	classes = {
	};
	objectVersion = 46;
	objects = {

/* Begin PBXBuildFile section */
		0362AEFF1D397C5F00B23816 /* AppDelegate.swift in Sources */ = {isa = PBXBuildFile; fileRef = 0362AEFE1D397C5F00B23816 /* AppDelegate.swift */; };
		0362AF011D397C5F00B23816 /* ViewController.swift in Sources */ = {isa = PBXBuildFile; fileRef = 0362AF001D397C5F00B23816 /* ViewController.swift */; };
		0362AF041D397C5F00B23816 /* Main.storyboard in Resources */ = {isa = PBXBuildFile; fileRef = 0362AF021D397C5F00B23816 /* Main.storyboard */; };
		0362AF061D397C5F00B23816 /* Assets.xcassets in Resources */ = {isa = PBXBuildFile; fileRef = 0362AF051D397C5F00B23816 /* Assets.xcassets */; };
		0362AF091D397C5F00B23816 /* LaunchScreen.storyboard in Resources */ = {isa = PBXBuildFile; fileRef = 0362AF071D397C5F00B23816 /* LaunchScreen.storyboard */; };
		0362AF141D397C5F00B23816 /* VideoPlayerTests.swift in Sources */ = {isa = PBXBuildFile; fileRef = 0362AF131D397C5F00B23816 /* VideoPlayerTests.swift */; };
		0362AF1F1D397D3A00B23816 /* Player.swift in Sources */ = {isa = PBXBuildFile; fileRef = 0362AF1E1D397D3A00B23816 /* Player.swift */; };
		0362AF211D399C9900B23816 /* SmallRocky.mp4 in Resources */ = {isa = PBXBuildFile; fileRef = 0362AF201D3999D900B23816 /* SmallRocky.mp4 */; };
		03795B501D4B8E6200B17535 /* UIImageExtension.swift in Sources */ = {isa = PBXBuildFile; fileRef = 03795B4F1D4B8E6200B17535 /* UIImageExtension.swift */; };
		03795B521D4B9CA300B17535 /* OverlayView.swift in Sources */ = {isa = PBXBuildFile; fileRef = 03795B511D4B9CA300B17535 /* OverlayView.swift */; };
		0ECA75AF47A5DE86BCCE9198 /* Pods_VideoPlayerTests.framework in Frameworks */ = {isa = PBXBuildFile; fileRef = 2E462F170DC1102CD59A9DB3 /* Pods_VideoPlayerTests.framework */; };
		C27696EE58B3D8B453A83388 /* Pods_VideoPlayer.framework in Frameworks */ = {isa = PBXBuildFile; fileRef = D39C14F7E29BB31721CB7AF3 /* Pods_VideoPlayer.framework */; };
/* End PBXBuildFile section */

/* Begin PBXContainerItemProxy section */
		0362AF101D397C5F00B23816 /* PBXContainerItemProxy */ = {
			isa = PBXContainerItemProxy;
			containerPortal = 0362AEF31D397C5F00B23816 /* Project object */;
			proxyType = 1;
			remoteGlobalIDString = 0362AEFA1D397C5F00B23816;
			remoteInfo = VideoPlayer;
		};
/* End PBXContainerItemProxy section */

/* Begin PBXFileReference section */
		0362AEFB1D397C5F00B23816 /* VideoPlayer.app */ = {isa = PBXFileReference; explicitFileType = wrapper.application; includeInIndex = 0; path = VideoPlayer.app; sourceTree = BUILT_PRODUCTS_DIR; };
		0362AEFE1D397C5F00B23816 /* AppDelegate.swift */ = {isa = PBXFileReference; lastKnownFileType = sourcecode.swift; path = AppDelegate.swift; sourceTree = "<group>"; };
		0362AF001D397C5F00B23816 /* ViewController.swift */ = {isa = PBXFileReference; lastKnownFileType = sourcecode.swift; path = ViewController.swift; sourceTree = "<group>"; };
		0362AF031D397C5F00B23816 /* Base */ = {isa = PBXFileReference; lastKnownFileType = file.storyboard; name = Base; path = Base.lproj/Main.storyboard; sourceTree = "<group>"; };
		0362AF051D397C5F00B23816 /* Assets.xcassets */ = {isa = PBXFileReference; lastKnownFileType = folder.assetcatalog; path = Assets.xcassets; sourceTree = "<group>"; };
		0362AF081D397C5F00B23816 /* Base */ = {isa = PBXFileReference; lastKnownFileType = file.storyboard; name = Base; path = Base.lproj/LaunchScreen.storyboard; sourceTree = "<group>"; };
		0362AF0A1D397C5F00B23816 /* Info.plist */ = {isa = PBXFileReference; lastKnownFileType = text.plist.xml; path = Info.plist; sourceTree = "<group>"; };
		0362AF0F1D397C5F00B23816 /* VideoPlayerTests.xctest */ = {isa = PBXFileReference; explicitFileType = wrapper.cfbundle; includeInIndex = 0; path = VideoPlayerTests.xctest; sourceTree = BUILT_PRODUCTS_DIR; };
		0362AF131D397C5F00B23816 /* VideoPlayerTests.swift */ = {isa = PBXFileReference; lastKnownFileType = sourcecode.swift; path = VideoPlayerTests.swift; sourceTree = "<group>"; };
		0362AF151D397C5F00B23816 /* Info.plist */ = {isa = PBXFileReference; lastKnownFileType = text.plist.xml; path = Info.plist; sourceTree = "<group>"; };
		0362AF1E1D397D3A00B23816 /* Player.swift */ = {isa = PBXFileReference; fileEncoding = 4; lastKnownFileType = sourcecode.swift; path = Player.swift; sourceTree = "<group>"; };
		0362AF201D3999D900B23816 /* SmallRocky.mp4 */ = {isa = PBXFileReference; lastKnownFileType = file; path = SmallRocky.mp4; sourceTree = "<group>"; };
		03795B4F1D4B8E6200B17535 /* UIImageExtension.swift */ = {isa = PBXFileReference; fileEncoding = 4; lastKnownFileType = sourcecode.swift; path = UIImageExtension.swift; sourceTree = "<group>"; };
		03795B511D4B9CA300B17535 /* OverlayView.swift */ = {isa = PBXFileReference; fileEncoding = 4; lastKnownFileType = sourcecode.swift; path = OverlayView.swift; sourceTree = "<group>"; };
		25DBEBBEC2F8B8E37F1C0DE5 /* Pods-VideoPlayer.release.xcconfig */ = {isa = PBXFileReference; includeInIndex = 1; lastKnownFileType = text.xcconfig; name = "Pods-VideoPlayer.release.xcconfig"; path = "Pods/Target Support Files/Pods-VideoPlayer/Pods-VideoPlayer.release.xcconfig"; sourceTree = "<group>"; };
		2E462F170DC1102CD59A9DB3 /* Pods_VideoPlayerTests.framework */ = {isa = PBXFileReference; explicitFileType = wrapper.framework; includeInIndex = 0; path = Pods_VideoPlayerTests.framework; sourceTree = BUILT_PRODUCTS_DIR; };
		46CFF46E2AA46FAD80413591 /* Pods-VideoPlayerTests.release.xcconfig */ = {isa = PBXFileReference; includeInIndex = 1; lastKnownFileType = text.xcconfig; name = "Pods-VideoPlayerTests.release.xcconfig"; path = "Pods/Target Support Files/Pods-VideoPlayerTests/Pods-VideoPlayerTests.release.xcconfig"; sourceTree = "<group>"; };
		8847F845D1B79C5410D61DB7 /* Pods-VideoPlayerTests.debug.xcconfig */ = {isa = PBXFileReference; includeInIndex = 1; lastKnownFileType = text.xcconfig; name = "Pods-VideoPlayerTests.debug.xcconfig"; path = "Pods/Target Support Files/Pods-VideoPlayerTests/Pods-VideoPlayerTests.debug.xcconfig"; sourceTree = "<group>"; };
		952282886DA48219948B854C /* Pods-VideoPlayer.debug.xcconfig */ = {isa = PBXFileReference; includeInIndex = 1; lastKnownFileType = text.xcconfig; name = "Pods-VideoPlayer.debug.xcconfig"; path = "Pods/Target Support Files/Pods-VideoPlayer/Pods-VideoPlayer.debug.xcconfig"; sourceTree = "<group>"; };
		D39C14F7E29BB31721CB7AF3 /* Pods_VideoPlayer.framework */ = {isa = PBXFileReference; explicitFileType = wrapper.framework; includeInIndex = 0; path = Pods_VideoPlayer.framework; sourceTree = BUILT_PRODUCTS_DIR; };
/* End PBXFileReference section */

/* Begin PBXFrameworksBuildPhase section */
		0362AEF81D397C5F00B23816 /* Frameworks */ = {
			isa = PBXFrameworksBuildPhase;
			buildActionMask = 2147483647;
			files = (
				C27696EE58B3D8B453A83388 /* Pods_VideoPlayer.framework in Frameworks */,
			);
			runOnlyForDeploymentPostprocessing = 0;
		};
		0362AF0C1D397C5F00B23816 /* Frameworks */ = {
			isa = PBXFrameworksBuildPhase;
			buildActionMask = 2147483647;
			files = (
				0ECA75AF47A5DE86BCCE9198 /* Pods_VideoPlayerTests.framework in Frameworks */,
			);
			runOnlyForDeploymentPostprocessing = 0;
		};
/* End PBXFrameworksBuildPhase section */

/* Begin PBXGroup section */
		034B48191D4BD11300AF46F5 /* Views */ = {
			isa = PBXGroup;
			children = (
				0362AF1E1D397D3A00B23816 /* Player.swift */,
				03795B511D4B9CA300B17535 /* OverlayView.swift */,
			);
			name = Views;
			sourceTree = "<group>";
		};
		034B481A1D4BD11900AF46F5 /* ViewControllers */ = {
			isa = PBXGroup;
			children = (
				0362AF001D397C5F00B23816 /* ViewController.swift */,
			);
			name = ViewControllers;
			sourceTree = "<group>";
		};
		034B481B1D4BD12200AF46F5 /* Extensions */ = {
			isa = PBXGroup;
			children = (
				03795B4F1D4B8E6200B17535 /* UIImageExtension.swift */,
			);
			name = Extensions;
			sourceTree = "<group>";
		};
		034B481C1D4BD12C00AF46F5 /* Storyboards */ = {
			isa = PBXGroup;
			children = (
				0362AF021D397C5F00B23816 /* Main.storyboard */,
				0362AF071D397C5F00B23816 /* LaunchScreen.storyboard */,
			);
			name = Storyboards;
			sourceTree = "<group>";
		};
		034B481D1D4BD13800AF46F5 /* Resources */ = {
			isa = PBXGroup;
			children = (
				0362AF051D397C5F00B23816 /* Assets.xcassets */,
				0362AF0A1D397C5F00B23816 /* Info.plist */,
				0362AF201D3999D900B23816 /* SmallRocky.mp4 */,
			);
			name = Resources;
			sourceTree = "<group>";
		};
		0362AEF21D397C5F00B23816 = {
			isa = PBXGroup;
			children = (
				0362AEFD1D397C5F00B23816 /* VideoPlayer */,
				0362AF121D397C5F00B23816 /* VideoPlayerTests */,
				0362AEFC1D397C5F00B23816 /* Products */,
				E252C533DAF94215B22FD4DF /* Pods */,
				11E579270CA0A277D561C366 /* Frameworks */,
			);
			sourceTree = "<group>";
		};
		0362AEFC1D397C5F00B23816 /* Products */ = {
			isa = PBXGroup;
			children = (
				0362AEFB1D397C5F00B23816 /* VideoPlayer.app */,
				0362AF0F1D397C5F00B23816 /* VideoPlayerTests.xctest */,
			);
			name = Products;
			sourceTree = "<group>";
		};
		0362AEFD1D397C5F00B23816 /* VideoPlayer */ = {
			isa = PBXGroup;
			children = (
				0362AEFE1D397C5F00B23816 /* AppDelegate.swift */,
				034B481C1D4BD12C00AF46F5 /* Storyboards */,
				034B48191D4BD11300AF46F5 /* Views */,
				034B481A1D4BD11900AF46F5 /* ViewControllers */,
				034B481B1D4BD12200AF46F5 /* Extensions */,
				034B481D1D4BD13800AF46F5 /* Resources */,
			);
			path = VideoPlayer;
			sourceTree = "<group>";
		};
		0362AF121D397C5F00B23816 /* VideoPlayerTests */ = {
			isa = PBXGroup;
			children = (
				0362AF131D397C5F00B23816 /* VideoPlayerTests.swift */,
				0362AF151D397C5F00B23816 /* Info.plist */,
			);
			path = VideoPlayerTests;
			sourceTree = "<group>";
		};
		11E579270CA0A277D561C366 /* Frameworks */ = {
			isa = PBXGroup;
			children = (
				D39C14F7E29BB31721CB7AF3 /* Pods_VideoPlayer.framework */,
				2E462F170DC1102CD59A9DB3 /* Pods_VideoPlayerTests.framework */,
			);
			name = Frameworks;
			sourceTree = "<group>";
		};
		E252C533DAF94215B22FD4DF /* Pods */ = {
			isa = PBXGroup;
			children = (
				952282886DA48219948B854C /* Pods-VideoPlayer.debug.xcconfig */,
				25DBEBBEC2F8B8E37F1C0DE5 /* Pods-VideoPlayer.release.xcconfig */,
				8847F845D1B79C5410D61DB7 /* Pods-VideoPlayerTests.debug.xcconfig */,
				46CFF46E2AA46FAD80413591 /* Pods-VideoPlayerTests.release.xcconfig */,
			);
			name = Pods;
			sourceTree = "<group>";
		};
/* End PBXGroup section */

/* Begin PBXNativeTarget section */
		0362AEFA1D397C5F00B23816 /* VideoPlayer */ = {
			isa = PBXNativeTarget;
			buildConfigurationList = 0362AF181D397C5F00B23816 /* Build configuration list for PBXNativeTarget "VideoPlayer" */;
			buildPhases = (
				F90ECE8BCD132EDDCFA199B8 /* [CP] Check Pods Manifest.lock */,
				0362AEF71D397C5F00B23816 /* Sources */,
				0362AEF81D397C5F00B23816 /* Frameworks */,
				0362AEF91D397C5F00B23816 /* Resources */,
				E60C410A39ECF18F8E1F46C0 /* [CP] Embed Pods Frameworks */,
				E87ABB41A8A4AFB09F76ABEE /* [CP] Copy Pods Resources */,
			);
			buildRules = (
			);
			dependencies = (
			);
			name = VideoPlayer;
			productName = VideoPlayer;
			productReference = 0362AEFB1D397C5F00B23816 /* VideoPlayer.app */;
			productType = "com.apple.product-type.application";
		};
		0362AF0E1D397C5F00B23816 /* VideoPlayerTests */ = {
			isa = PBXNativeTarget;
			buildConfigurationList = 0362AF1B1D397C5F00B23816 /* Build configuration list for PBXNativeTarget "VideoPlayerTests" */;
			buildPhases = (
				6D2672E1A80F4DD7DCBA1245 /* [CP] Check Pods Manifest.lock */,
				0362AF0B1D397C5F00B23816 /* Sources */,
				0362AF0C1D397C5F00B23816 /* Frameworks */,
				0362AF0D1D397C5F00B23816 /* Resources */,
				CE3C10151FD35E40664ACD65 /* [CP] Embed Pods Frameworks */,
				965CE72F524AAB3B70D53941 /* [CP] Copy Pods Resources */,
			);
			buildRules = (
			);
			dependencies = (
				0362AF111D397C5F00B23816 /* PBXTargetDependency */,
			);
			name = VideoPlayerTests;
			productName = VideoPlayerTests;
			productReference = 0362AF0F1D397C5F00B23816 /* VideoPlayerTests.xctest */;
			productType = "com.apple.product-type.bundle.unit-test";
		};
/* End PBXNativeTarget section */

/* Begin PBXProject section */
		0362AEF31D397C5F00B23816 /* Project object */ = {
			isa = PBXProject;
			attributes = {
				LastSwiftUpdateCheck = 0730;
				LastUpgradeCheck = 0730;
				ORGANIZATIONNAME = Adi;
				TargetAttributes = {
					0362AEFA1D397C5F00B23816 = {
						CreatedOnToolsVersion = 7.3.1;
						DevelopmentTeam = 8Z7UYP6FP8;
					};
					0362AF0E1D397C5F00B23816 = {
						CreatedOnToolsVersion = 7.3.1;
						TestTargetID = 0362AEFA1D397C5F00B23816;
					};
				};
			};
			buildConfigurationList = 0362AEF61D397C5F00B23816 /* Build configuration list for PBXProject "VideoPlayer" */;
			compatibilityVersion = "Xcode 3.2";
			developmentRegion = English;
			hasScannedForEncodings = 0;
			knownRegions = (
				en,
				Base,
			);
			mainGroup = 0362AEF21D397C5F00B23816;
			productRefGroup = 0362AEFC1D397C5F00B23816 /* Products */;
			projectDirPath = "";
			projectRoot = "";
			targets = (
				0362AEFA1D397C5F00B23816 /* VideoPlayer */,
				0362AF0E1D397C5F00B23816 /* VideoPlayerTests */,
			);
		};
/* End PBXProject section */

/* Begin PBXResourcesBuildPhase section */
		0362AEF91D397C5F00B23816 /* Resources */ = {
			isa = PBXResourcesBuildPhase;
			buildActionMask = 2147483647;
			files = (
				0362AF211D399C9900B23816 /* SmallRocky.mp4 in Resources */,
				0362AF091D397C5F00B23816 /* LaunchScreen.storyboard in Resources */,
				0362AF061D397C5F00B23816 /* Assets.xcassets in Resources */,
				0362AF041D397C5F00B23816 /* Main.storyboard in Resources */,
			);
			runOnlyForDeploymentPostprocessing = 0;
		};
		0362AF0D1D397C5F00B23816 /* Resources */ = {
			isa = PBXResourcesBuildPhase;
			buildActionMask = 2147483647;
			files = (
			);
			runOnlyForDeploymentPostprocessing = 0;
		};
/* End PBXResourcesBuildPhase section */

/* Begin PBXShellScriptBuildPhase section */
		6D2672E1A80F4DD7DCBA1245 /* [CP] Check Pods Manifest.lock */ = {
			isa = PBXShellScriptBuildPhase;
			buildActionMask = 2147483647;
			files = (
			);
			inputPaths = (
			);
			name = "[CP] Check Pods Manifest.lock";
			outputPaths = (
			);
			runOnlyForDeploymentPostprocessing = 0;
			shellPath = /bin/sh;
			shellScript = "diff \"${PODS_ROOT}/../Podfile.lock\" \"${PODS_ROOT}/Manifest.lock\" > /dev/null\nif [[ $? != 0 ]] ; then\n    cat << EOM\nerror: The sandbox is not in sync with the Podfile.lock. Run 'pod install' or update your CocoaPods installation.\nEOM\n    exit 1\nfi\n";
			showEnvVarsInLog = 0;
		};
		965CE72F524AAB3B70D53941 /* [CP] Copy Pods Resources */ = {
			isa = PBXShellScriptBuildPhase;
			buildActionMask = 2147483647;
			files = (
			);
			inputPaths = (
			);
			name = "[CP] Copy Pods Resources";
			outputPaths = (
			);
			runOnlyForDeploymentPostprocessing = 0;
			shellPath = /bin/sh;
			shellScript = "\"${SRCROOT}/Pods/Target Support Files/Pods-VideoPlayerTests/Pods-VideoPlayerTests-resources.sh\"\n";
			showEnvVarsInLog = 0;
		};
		CE3C10151FD35E40664ACD65 /* [CP] Embed Pods Frameworks */ = {
			isa = PBXShellScriptBuildPhase;
			buildActionMask = 2147483647;
			files = (
			);
			inputPaths = (
			);
			name = "[CP] Embed Pods Frameworks";
			outputPaths = (
			);
			runOnlyForDeploymentPostprocessing = 0;
			shellPath = /bin/sh;
			shellScript = "\"${SRCROOT}/Pods/Target Support Files/Pods-VideoPlayerTests/Pods-VideoPlayerTests-frameworks.sh\"\n";
			showEnvVarsInLog = 0;
		};
		E60C410A39ECF18F8E1F46C0 /* [CP] Embed Pods Frameworks */ = {
			isa = PBXShellScriptBuildPhase;
			buildActionMask = 2147483647;
			files = (
			);
			inputPaths = (
			);
			name = "[CP] Embed Pods Frameworks";
			outputPaths = (
			);
			runOnlyForDeploymentPostprocessing = 0;
			shellPath = /bin/sh;
			shellScript = "\"${SRCROOT}/Pods/Target Support Files/Pods-VideoPlayer/Pods-VideoPlayer-frameworks.sh\"\n";
			showEnvVarsInLog = 0;
		};
		E87ABB41A8A4AFB09F76ABEE /* [CP] Copy Pods Resources */ = {
			isa = PBXShellScriptBuildPhase;
			buildActionMask = 2147483647;
			files = (
			);
			inputPaths = (
			);
			name = "[CP] Copy Pods Resources";
			outputPaths = (
			);
			runOnlyForDeploymentPostprocessing = 0;
			shellPath = /bin/sh;
			shellScript = "\"${SRCROOT}/Pods/Target Support Files/Pods-VideoPlayer/Pods-VideoPlayer-resources.sh\"\n";
			showEnvVarsInLog = 0;
		};
		F90ECE8BCD132EDDCFA199B8 /* [CP] Check Pods Manifest.lock */ = {
			isa = PBXShellScriptBuildPhase;
			buildActionMask = 2147483647;
			files = (
			);
			inputPaths = (
			);
			name = "[CP] Check Pods Manifest.lock";
			outputPaths = (
			);
			runOnlyForDeploymentPostprocessing = 0;
			shellPath = /bin/sh;
			shellScript = "diff \"${PODS_ROOT}/../Podfile.lock\" \"${PODS_ROOT}/Manifest.lock\" > /dev/null\nif [[ $? != 0 ]] ; then\n    cat << EOM\nerror: The sandbox is not in sync with the Podfile.lock. Run 'pod install' or update your CocoaPods installation.\nEOM\n    exit 1\nfi\n";
			showEnvVarsInLog = 0;
		};
/* End PBXShellScriptBuildPhase section */

/* Begin PBXSourcesBuildPhase section */
		0362AEF71D397C5F00B23816 /* Sources */ = {
			isa = PBXSourcesBuildPhase;
			buildActionMask = 2147483647;
			files = (
				0362AF011D397C5F00B23816 /* ViewController.swift in Sources */,
				0362AF1F1D397D3A00B23816 /* Player.swift in Sources */,
				0362AEFF1D397C5F00B23816 /* AppDelegate.swift in Sources */,
				03795B501D4B8E6200B17535 /* UIImageExtension.swift in Sources */,
				03795B521D4B9CA300B17535 /* OverlayView.swift in Sources */,
			);
			runOnlyForDeploymentPostprocessing = 0;
		};
		0362AF0B1D397C5F00B23816 /* Sources */ = {
			isa = PBXSourcesBuildPhase;
			buildActionMask = 2147483647;
			files = (
				0362AF141D397C5F00B23816 /* VideoPlayerTests.swift in Sources */,
			);
			runOnlyForDeploymentPostprocessing = 0;
		};
/* End PBXSourcesBuildPhase section */

/* Begin PBXTargetDependency section */
		0362AF111D397C5F00B23816 /* PBXTargetDependency */ = {
			isa = PBXTargetDependency;
			target = 0362AEFA1D397C5F00B23816 /* VideoPlayer */;
			targetProxy = 0362AF101D397C5F00B23816 /* PBXContainerItemProxy */;
		};
/* End PBXTargetDependency section */

/* Begin PBXVariantGroup section */
		0362AF021D397C5F00B23816 /* Main.storyboard */ = {
			isa = PBXVariantGroup;
			children = (
				0362AF031D397C5F00B23816 /* Base */,
			);
			name = Main.storyboard;
			sourceTree = "<group>";
		};
		0362AF071D397C5F00B23816 /* LaunchScreen.storyboard */ = {
			isa = PBXVariantGroup;
			children = (
				0362AF081D397C5F00B23816 /* Base */,
			);
			name = LaunchScreen.storyboard;
			sourceTree = "<group>";
		};
/* End PBXVariantGroup section */

/* Begin XCBuildConfiguration section */
		0362AF161D397C5F00B23816 /* Debug */ = {
			isa = XCBuildConfiguration;
			buildSettings = {
				ALWAYS_SEARCH_USER_PATHS = NO;
				CLANG_ANALYZER_NONNULL = YES;
				CLANG_CXX_LANGUAGE_STANDARD = "gnu++0x";
				CLANG_CXX_LIBRARY = "libc++";
				CLANG_ENABLE_MODULES = YES;
				CLANG_ENABLE_OBJC_ARC = YES;
				CLANG_WARN_BOOL_CONVERSION = YES;
				CLANG_WARN_CONSTANT_CONVERSION = YES;
				CLANG_WARN_DIRECT_OBJC_ISA_USAGE = YES_ERROR;
				CLANG_WARN_EMPTY_BODY = YES;
				CLANG_WARN_ENUM_CONVERSION = YES;
				CLANG_WARN_INT_CONVERSION = YES;
				CLANG_WARN_OBJC_ROOT_CLASS = YES_ERROR;
				CLANG_WARN_UNREACHABLE_CODE = YES;
				CLANG_WARN__DUPLICATE_METHOD_MATCH = YES;
				"CODE_SIGN_IDENTITY[sdk=iphoneos*]" = "iPhone Developer";
				COPY_PHASE_STRIP = NO;
				DEBUG_INFORMATION_FORMAT = dwarf;
				ENABLE_STRICT_OBJC_MSGSEND = YES;
				ENABLE_TESTABILITY = YES;
				GCC_C_LANGUAGE_STANDARD = gnu99;
				GCC_DYNAMIC_NO_PIC = NO;
				GCC_NO_COMMON_BLOCKS = YES;
				GCC_OPTIMIZATION_LEVEL = 0;
				GCC_PREPROCESSOR_DEFINITIONS = (
					"DEBUG=1",
					"$(inherited)",
				);
				GCC_WARN_64_TO_32_BIT_CONVERSION = YES;
				GCC_WARN_ABOUT_RETURN_TYPE = YES_ERROR;
				GCC_WARN_UNDECLARED_SELECTOR = YES;
				GCC_WARN_UNINITIALIZED_AUTOS = YES_AGGRESSIVE;
				GCC_WARN_UNUSED_FUNCTION = YES;
				GCC_WARN_UNUSED_VARIABLE = YES;
				IPHONEOS_DEPLOYMENT_TARGET = 9.3;
				MTL_ENABLE_DEBUG_INFO = YES;
				ONLY_ACTIVE_ARCH = YES;
				SDKROOT = iphoneos;
				SWIFT_OPTIMIZATION_LEVEL = "-Onone";
				TARGETED_DEVICE_FAMILY = "1,2";
			};
			name = Debug;
		};
		0362AF171D397C5F00B23816 /* Release */ = {
			isa = XCBuildConfiguration;
			buildSettings = {
				ALWAYS_SEARCH_USER_PATHS = NO;
				CLANG_ANALYZER_NONNULL = YES;
				CLANG_CXX_LANGUAGE_STANDARD = "gnu++0x";
				CLANG_CXX_LIBRARY = "libc++";
				CLANG_ENABLE_MODULES = YES;
				CLANG_ENABLE_OBJC_ARC = YES;
				CLANG_WARN_BOOL_CONVERSION = YES;
				CLANG_WARN_CONSTANT_CONVERSION = YES;
				CLANG_WARN_DIRECT_OBJC_ISA_USAGE = YES_ERROR;
				CLANG_WARN_EMPTY_BODY = YES;
				CLANG_WARN_ENUM_CONVERSION = YES;
				CLANG_WARN_INT_CONVERSION = YES;
				CLANG_WARN_OBJC_ROOT_CLASS = YES_ERROR;
				CLANG_WARN_UNREACHABLE_CODE = YES;
				CLANG_WARN__DUPLICATE_METHOD_MATCH = YES;
				"CODE_SIGN_IDENTITY[sdk=iphoneos*]" = "iPhone Developer";
				COPY_PHASE_STRIP = NO;
				DEBUG_INFORMATION_FORMAT = "dwarf-with-dsym";
				ENABLE_NS_ASSERTIONS = NO;
				ENABLE_STRICT_OBJC_MSGSEND = YES;
				GCC_C_LANGUAGE_STANDARD = gnu99;
				GCC_NO_COMMON_BLOCKS = YES;
				GCC_WARN_64_TO_32_BIT_CONVERSION = YES;
				GCC_WARN_ABOUT_RETURN_TYPE = YES_ERROR;
				GCC_WARN_UNDECLARED_SELECTOR = YES;
				GCC_WARN_UNINITIALIZED_AUTOS = YES_AGGRESSIVE;
				GCC_WARN_UNUSED_FUNCTION = YES;
				GCC_WARN_UNUSED_VARIABLE = YES;
				IPHONEOS_DEPLOYMENT_TARGET = 9.3;
				MTL_ENABLE_DEBUG_INFO = NO;
				SDKROOT = iphoneos;
				TARGETED_DEVICE_FAMILY = "1,2";
				VALIDATE_PRODUCT = YES;
			};
			name = Release;
		};
		0362AF191D397C5F00B23816 /* Debug */ = {
			isa = XCBuildConfiguration;
			baseConfigurationReference = 952282886DA48219948B854C /* Pods-VideoPlayer.debug.xcconfig */;
			buildSettings = {
				ASSETCATALOG_COMPILER_APPICON_NAME = AppIcon;
				CODE_SIGN_IDENTITY = "iPhone Developer";
				"CODE_SIGN_IDENTITY[sdk=iphoneos*]" = "iPhone Developer";
				INFOPLIST_FILE = VideoPlayer/Info.plist;
				LD_RUNPATH_SEARCH_PATHS = "$(inherited) @executable_path/Frameworks";
				PRODUCT_BUNDLE_IDENTIFIER = com.example.adi.VideoPlayer;
				PRODUCT_NAME = "$(TARGET_NAME)";
				PROVISIONING_PROFILE = "";
			};
			name = Debug;
		};
		0362AF1A1D397C5F00B23816 /* Release */ = {
			isa = XCBuildConfiguration;
			baseConfigurationReference = 25DBEBBEC2F8B8E37F1C0DE5 /* Pods-VideoPlayer.release.xcconfig */;
			buildSettings = {
				ASSETCATALOG_COMPILER_APPICON_NAME = AppIcon;
				CODE_SIGN_IDENTITY = "iPhone Developer";
				"CODE_SIGN_IDENTITY[sdk=iphoneos*]" = "iPhone Developer";
				INFOPLIST_FILE = VideoPlayer/Info.plist;
				LD_RUNPATH_SEARCH_PATHS = "$(inherited) @executable_path/Frameworks";
				PRODUCT_BUNDLE_IDENTIFIER = com.example.adi.VideoPlayer;
				PRODUCT_NAME = "$(TARGET_NAME)";
				PROVISIONING_PROFILE = "";
			};
			name = Release;
		};
		0362AF1C1D397C5F00B23816 /* Debug */ = {
			isa = XCBuildConfiguration;
			baseConfigurationReference = 8847F845D1B79C5410D61DB7 /* Pods-VideoPlayerTests.debug.xcconfig */;
			buildSettings = {
				BUNDLE_LOADER = "$(TEST_HOST)";
				INFOPLIST_FILE = VideoPlayerTests/Info.plist;
				LD_RUNPATH_SEARCH_PATHS = "$(inherited) @executable_path/Frameworks @loader_path/Frameworks";
				PRODUCT_BUNDLE_IDENTIFIER = com.example.adi.VideoPlayerTests;
				PRODUCT_NAME = "$(TARGET_NAME)";
				TEST_HOST = "$(BUILT_PRODUCTS_DIR)/VideoPlayer.app/VideoPlayer";
			};
			name = Debug;
		};
		0362AF1D1D397C5F00B23816 /* Release */ = {
			isa = XCBuildConfiguration;
			baseConfigurationReference = 46CFF46E2AA46FAD80413591 /* Pods-VideoPlayerTests.release.xcconfig */;
			buildSettings = {
				BUNDLE_LOADER = "$(TEST_HOST)";
				INFOPLIST_FILE = VideoPlayerTests/Info.plist;
				LD_RUNPATH_SEARCH_PATHS = "$(inherited) @executable_path/Frameworks @loader_path/Frameworks";
				PRODUCT_BUNDLE_IDENTIFIER = com.example.adi.VideoPlayerTests;
				PRODUCT_NAME = "$(TARGET_NAME)";
				TEST_HOST = "$(BUILT_PRODUCTS_DIR)/VideoPlayer.app/VideoPlayer";
			};
			name = Release;
		};
/* End XCBuildConfiguration section */

/* Begin XCConfigurationList section */
		0362AEF61D397C5F00B23816 /* Build configuration list for PBXProject "VideoPlayer" */ = {
			isa = XCConfigurationList;
			buildConfigurations = (
				0362AF161D397C5F00B23816 /* Debug */,
				0362AF171D397C5F00B23816 /* Release */,
			);
			defaultConfigurationIsVisible = 0;
			defaultConfigurationName = Release;
		};
		0362AF181D397C5F00B23816 /* Build configuration list for PBXNativeTarget "VideoPlayer" */ = {
			isa = XCConfigurationList;
			buildConfigurations = (
				0362AF191D397C5F00B23816 /* Debug */,
				0362AF1A1D397C5F00B23816 /* Release */,
			);
			defaultConfigurationIsVisible = 0;
			defaultConfigurationName = Release;
		};
		0362AF1B1D397C5F00B23816 /* Build configuration list for PBXNativeTarget "VideoPlayerTests" */ = {
			isa = XCConfigurationList;
			buildConfigurations = (
				0362AF1C1D397C5F00B23816 /* Debug */,
				0362AF1D1D397C5F00B23816 /* Release */,
			);
			defaultConfigurationIsVisible = 0;
			defaultConfigurationName = Release;
		};
/* End XCConfigurationList section */
	};
	rootObject = 0362AEF31D397C5F00B23816 /* Project object */;
}
